
Microsoft Visual Studio Solution File, Format Version 11.00
# Visual Studio 2010
Project("{FAE04EC0-301F-11D3-BF4B-00C04F79EFBC}") = "DoUtDes.UI", "DoUtDes.UI\DoUtDes.UI.csproj", "{FDE66F37-9CFA-43DD-A111-13BCEB653464}"
EndProject
Project("{FAE04EC0-301F-11D3-BF4B-00C04F79EFBC}") = "DoUtDes.ComunicationAgent", "Comunication\DoUtDes.ComunicationAgent.csproj", "{DA5B9178-B13A-42E3-9DC0-519EB8957AE3}"
EndProject
Project("{FAE04EC0-301F-11D3-BF4B-00C04F79EFBC}") = "DoUtDes.Model", "DoUtDes.Model\DoUtDes.Model.csproj", "{7F4F734A-B07D-46B2-A5C5-37E919EAB5A5}"
EndProject
Project("{FAE04EC0-301F-11D3-BF4B-00C04F79EFBC}") = "Proattiva.Utils", "Proattiva.Utils\Proattiva.Utils.csproj", "{FE2238A2-B5A5-4292-B5C2-FA1FCA20D12B}"
EndProject
Project("{FAE04EC0-301F-11D3-BF4B-00C04F79EFBC}") = "DoUtDes.Model.Desktop", "DoUtDes.Model.Desktop\DoUtDes.Model.Desktop.csproj", "{1A60142D-1238-4E64-B577-8BE26F763892}"
EndProject
Project("{FAE04EC0-301F-11D3-BF4B-00C04F79EFBC}") = "DoUtDes.Logics", "DoUtDes.Logics\DoUtDes.Logics.csproj", "{16C86CA9-E59C-4254-943C-AE6ADAD4C475}"
EndProject
Project("{FAE04EC0-301F-11D3-BF4B-00C04F79EFBC}") = "TestPanoramaApp1", "PanoramaApp1\TestPanoramaApp1.csproj", "{B31752BD-A847-46A6-876B-36A86699ED7C}"
EndProject
Global
	GlobalSection(SolutionConfigurationPlatforms) = preSolution
		Debug|Any CPU = Debug|Any CPU
		Release|Any CPU = Release|Any CPU
	EndGlobalSection
	GlobalSection(ProjectConfigurationPlatforms) = postSolution
		{FDE66F37-9CFA-43DD-A111-13BCEB653464}.Debug|Any CPU.ActiveCfg = Debug|Any CPU
		{FDE66F37-9CFA-43DD-A111-13BCEB653464}.Debug|Any CPU.Build.0 = Debug|Any CPU
		{FDE66F37-9CFA-43DD-A111-13BCEB653464}.Debug|Any CPU.Deploy.0 = Debug|Any CPU
		{FDE66F37-9CFA-43DD-A111-13BCEB653464}.Release|Any CPU.ActiveCfg = Release|Any CPU
		{FDE66F37-9CFA-43DD-A111-13BCEB653464}.Release|Any CPU.Build.0 = Release|Any CPU
		{FDE66F37-9CFA-43DD-A111-13BCEB653464}.Release|Any CPU.Deploy.0 = Release|Any CPU
		{DA5B9178-B13A-42E3-9DC0-519EB8957AE3}.Debug|Any CPU.ActiveCfg = Debug|Any CPU
		{DA5B9178-B13A-42E3-9DC0-519EB8957AE3}.Debug|Any CPU.Build.0 = Debug|Any CPU
		{DA5B9178-B13A-42E3-9DC0-519EB8957AE3}.Release|Any CPU.ActiveCfg = Release|Any CPU
		{DA5B9178-B13A-42E3-9DC0-519EB8957AE3}.Release|Any CPU.Build.0 = Release|Any CPU
		{7F4F734A-B07D-46B2-A5C5-37E919EAB5A5}.Debug|Any CPU.ActiveCfg = Debug|Any CPU
		{7F4F734A-B07D-46B2-A5C5-37E919EAB5A5}.Debug|Any CPU.Build.0 = Debug|Any CPU
		{7F4F734A-B07D-46B2-A5C5-37E919EAB5A5}.Release|Any CPU.ActiveCfg = Release|Any CPU
		{7F4F734A-B07D-46B2-A5C5-37E919EAB5A5}.Release|Any CPU.Build.0 = Release|Any CPU
		{FE2238A2-B5A5-4292-B5C2-FA1FCA20D12B}.Debug|Any CPU.ActiveCfg = Debug|Any CPU
		{FE2238A2-B5A5-4292-B5C2-FA1FCA20D12B}.Debug|Any CPU.Build.0 = Debug|Any CPU
		{FE2238A2-B5A5-4292-B5C2-FA1FCA20D12B}.Release|Any CPU.ActiveCfg = Release|Any CPU
		{FE2238A2-B5A5-4292-B5C2-FA1FCA20D12B}.Release|Any CPU.Build.0 = Release|Any CPU
		{1A60142D-1238-4E64-B577-8BE26F763892}.Debug|Any CPU.ActiveCfg = Debug|Any CPU
		{1A60142D-1238-4E64-B577-8BE26F763892}.Debug|Any CPU.Build.0 = Debug|Any CPU
		{1A60142D-1238-4E64-B577-8BE26F763892}.Release|Any CPU.ActiveCfg = Release|Any CPU
		{1A60142D-1238-4E64-B577-8BE26F763892}.Release|Any CPU.Build.0 = Release|Any CPU
		{16C86CA9-E59C-4254-943C-AE6ADAD4C475}.Debug|Any CPU.ActiveCfg = Debug|Any CPU
		{16C86CA9-E59C-4254-943C-AE6ADAD4C475}.Debug|Any CPU.Build.0 = Debug|Any CPU
		{16C86CA9-E59C-4254-943C-AE6ADAD4C475}.Release|Any CPU.ActiveCfg = Release|Any CPU
		{16C86CA9-E59C-4254-943C-AE6ADAD4C475}.Release|Any CPU.Build.0 = Release|Any CPU
		{B31752BD-A847-46A6-876B-36A86699ED7C}.Debug|Any CPU.ActiveCfg = Debug|Any CPU
		{B31752BD-A847-46A6-876B-36A86699ED7C}.Debug|Any CPU.Build.0 = Debug|Any CPU
		{B31752BD-A847-46A6-876B-36A86699ED7C}.Debug|Any CPU.Deploy.0 = Debug|Any CPU
		{B31752BD-A847-46A6-876B-36A86699ED7C}.Release|Any CPU.ActiveCfg = Release|Any CPU
		{B31752BD-A847-46A6-876B-36A86699ED7C}.Release|Any CPU.Build.0 = Release|Any CPU
		{B31752BD-A847-46A6-876B-36A86699ED7C}.Release|Any CPU.Deploy.0 = Release|Any CPU
	EndGlobalSection
	GlobalSection(SolutionProperties) = preSolution
		HideSolutionNode = FALSE
	EndGlobalSection
EndGlobal
